// !$*UTF8*$!
{
	archiveVersion = 1;
	classes = {
	};
	objectVersion = 56;
	objects = {

/* Begin PBXBuildFile section */
		676167C02B45E8AB00317A1B /* RecordsView.swift in Sources */ = {isa = PBXBuildFile; fileRef = 676167BF2B45E8AB00317A1B /* RecordsView.swift */; };
		676167C22B45E96300317A1B /* Record.swift in Sources */ = {isa = PBXBuildFile; fileRef = 676167C12B45E96300317A1B /* Record.swift */; };
		676846652B3F46E700339228 /* GoalCraftApp.swift in Sources */ = {isa = PBXBuildFile; fileRef = 676846642B3F46E700339228 /* GoalCraftApp.swift */; };
		676846692B3F46EA00339228 /* Assets.xcassets in Resources */ = {isa = PBXBuildFile; fileRef = 676846682B3F46EA00339228 /* Assets.xcassets */; };
		6768466C2B3F46EA00339228 /* Preview Assets.xcassets in Resources */ = {isa = PBXBuildFile; fileRef = 6768466B2B3F46EA00339228 /* Preview Assets.xcassets */; };
		676846762B3F4A6B00339228 /* Profile.swift in Sources */ = {isa = PBXBuildFile; fileRef = 676846752B3F4A6B00339228 /* Profile.swift */; };
		676846782B3F4B8500339228 /* Training.swift in Sources */ = {isa = PBXBuildFile; fileRef = 676846772B3F4B8500339228 /* Training.swift */; };
		6768467A2B3F4D4B00339228 /* Exercise.swift in Sources */ = {isa = PBXBuildFile; fileRef = 676846792B3F4D4B00339228 /* Exercise.swift */; };
		676846822B40486300339228 /* MainView.swift in Sources */ = {isa = PBXBuildFile; fileRef = 676846812B40486300339228 /* MainView.swift */; };
		676846842B4048B000339228 /* TrainingView.swift in Sources */ = {isa = PBXBuildFile; fileRef = 676846832B4048B000339228 /* TrainingView.swift */; };
		676846862B4048D900339228 /* NewTrainingView.swift in Sources */ = {isa = PBXBuildFile; fileRef = 676846852B4048D900339228 /* NewTrainingView.swift */; };
		676846882B40493900339228 /* TrainingListView.swift in Sources */ = {isa = PBXBuildFile; fileRef = 676846872B40493900339228 /* TrainingListView.swift */; };
		6768468A2B40495400339228 /* TrainingRowView.swift in Sources */ = {isa = PBXBuildFile; fileRef = 676846892B40495400339228 /* TrainingRowView.swift */; };
		6772372B2B404B0100C92BB5 /* MainViewViewModel.swift in Sources */ = {isa = PBXBuildFile; fileRef = 6772372A2B404B0100C92BB5 /* MainViewViewModel.swift */; };
		6772372D2B404B1200C92BB5 /* TrainingViewViewModel.swift in Sources */ = {isa = PBXBuildFile; fileRef = 6772372C2B404B1200C92BB5 /* TrainingViewViewModel.swift */; };
		6772372F2B404C0800C92BB5 /* NewTrainingViewViewModel.swift in Sources */ = {isa = PBXBuildFile; fileRef = 6772372E2B404C0800C92BB5 /* NewTrainingViewViewModel.swift */; };
		677237312B404C1600C92BB5 /* TrainingListViewViewModel.swift in Sources */ = {isa = PBXBuildFile; fileRef = 677237302B404C1600C92BB5 /* TrainingListViewViewModel.swift */; };
		677237332B404C2700C92BB5 /* TrainingRowViewViewModel.swift in Sources */ = {isa = PBXBuildFile; fileRef = 677237322B404C2700C92BB5 /* TrainingRowViewViewModel.swift */; };
		677237392B40839100C92BB5 /* SettingsView.swift in Sources */ = {isa = PBXBuildFile; fileRef = 677237382B40839100C92BB5 /* SettingsView.swift */; };
		6772373B2B40855300C92BB5 /* SettingsViewViewModel.swift in Sources */ = {isa = PBXBuildFile; fileRef = 6772373A2B40855300C92BB5 /* SettingsViewViewModel.swift */; };
/* End PBXBuildFile section */

/* Begin PBXFileReference section */
		676167BF2B45E8AB00317A1B /* RecordsView.swift */ = {isa = PBXFileReference; lastKnownFileType = sourcecode.swift; path = RecordsView.swift; sourceTree = "<group>"; };
		676167C12B45E96300317A1B /* Record.swift */ = {isa = PBXFileReference; lastKnownFileType = sourcecode.swift; path = Record.swift; sourceTree = "<group>"; };
		676846612B3F46E700339228 /* GoalCraft.app */ = {isa = PBXFileReference; explicitFileType = wrapper.application; includeInIndex = 0; path = GoalCraft.app; sourceTree = BUILT_PRODUCTS_DIR; };
		676846642B3F46E700339228 /* GoalCraftApp.swift */ = {isa = PBXFileReference; lastKnownFileType = sourcecode.swift; path = GoalCraftApp.swift; sourceTree = "<group>"; };
		676846682B3F46EA00339228 /* Assets.xcassets */ = {isa = PBXFileReference; lastKnownFileType = folder.assetcatalog; path = Assets.xcassets; sourceTree = "<group>"; };
		6768466B2B3F46EA00339228 /* Preview Assets.xcassets */ = {isa = PBXFileReference; lastKnownFileType = folder.assetcatalog; path = "Preview Assets.xcassets"; sourceTree = "<group>"; };
		676846752B3F4A6B00339228 /* Profile.swift */ = {isa = PBXFileReference; lastKnownFileType = sourcecode.swift; path = Profile.swift; sourceTree = "<group>"; };
		676846772B3F4B8500339228 /* Training.swift */ = {isa = PBXFileReference; lastKnownFileType = sourcecode.swift; path = Training.swift; sourceTree = "<group>"; };
		676846792B3F4D4B00339228 /* Exercise.swift */ = {isa = PBXFileReference; lastKnownFileType = sourcecode.swift; path = Exercise.swift; sourceTree = "<group>"; };
		676846812B40486300339228 /* MainView.swift */ = {isa = PBXFileReference; lastKnownFileType = sourcecode.swift; path = MainView.swift; sourceTree = "<group>"; };
		676846832B4048B000339228 /* TrainingView.swift */ = {isa = PBXFileReference; lastKnownFileType = sourcecode.swift; path = TrainingView.swift; sourceTree = "<group>"; };
		676846852B4048D900339228 /* NewTrainingView.swift */ = {isa = PBXFileReference; lastKnownFileType = sourcecode.swift; path = NewTrainingView.swift; sourceTree = "<group>"; };
		676846872B40493900339228 /* TrainingListView.swift */ = {isa = PBXFileReference; lastKnownFileType = sourcecode.swift; path = TrainingListView.swift; sourceTree = "<group>"; };
		676846892B40495400339228 /* TrainingRowView.swift */ = {isa = PBXFileReference; lastKnownFileType = sourcecode.swift; path = TrainingRowView.swift; sourceTree = "<group>"; };
		6772372A2B404B0100C92BB5 /* MainViewViewModel.swift */ = {isa = PBXFileReference; lastKnownFileType = sourcecode.swift; path = MainViewViewModel.swift; sourceTree = "<group>"; };
		6772372C2B404B1200C92BB5 /* TrainingViewViewModel.swift */ = {isa = PBXFileReference; lastKnownFileType = sourcecode.swift; path = TrainingViewViewModel.swift; sourceTree = "<group>"; };
		6772372E2B404C0800C92BB5 /* NewTrainingViewViewModel.swift */ = {isa = PBXFileReference; lastKnownFileType = sourcecode.swift; path = NewTrainingViewViewModel.swift; sourceTree = "<group>"; };
		677237302B404C1600C92BB5 /* TrainingListViewViewModel.swift */ = {isa = PBXFileReference; lastKnownFileType = sourcecode.swift; path = TrainingListViewViewModel.swift; sourceTree = "<group>"; };
		677237322B404C2700C92BB5 /* TrainingRowViewViewModel.swift */ = {isa = PBXFileReference; lastKnownFileType = sourcecode.swift; path = TrainingRowViewViewModel.swift; sourceTree = "<group>"; };
		677237382B40839100C92BB5 /* SettingsView.swift */ = {isa = PBXFileReference; lastKnownFileType = sourcecode.swift; path = SettingsView.swift; sourceTree = "<group>"; };
		6772373A2B40855300C92BB5 /* SettingsViewViewModel.swift */ = {isa = PBXFileReference; lastKnownFileType = sourcecode.swift; path = SettingsViewViewModel.swift; sourceTree = "<group>"; };
/* End PBXFileReference section */

/* Begin PBXFrameworksBuildPhase section */
		6768465E2B3F46E700339228 /* Frameworks */ = {
			isa = PBXFrameworksBuildPhase;
			buildActionMask = 2147483647;
			files = (
			);
			runOnlyForDeploymentPostprocessing = 0;
		};
/* End PBXFrameworksBuildPhase section */

/* Begin PBXGroup section */
		676846582B3F46E700339228 = {
			isa = PBXGroup;
			children = (
				676846632B3F46E700339228 /* GoalCraft */,
				676846622B3F46E700339228 /* Products */,
			);
			sourceTree = "<group>";
		};
		676846622B3F46E700339228 /* Products */ = {
			isa = PBXGroup;
			children = (
				676846612B3F46E700339228 /* GoalCraft.app */,
			);
			name = Products;
			sourceTree = "<group>";
		};
		676846632B3F46E700339228 /* GoalCraft */ = {
			isa = PBXGroup;
			children = (
				676846742B3F494600339228 /* Controllers */,
				676846802B4047ED00339228 /* ViewModels */,
				676846732B3F493A00339228 /* Views */,
				676846722B3F492E00339228 /* Models */,
				676846642B3F46E700339228 /* GoalCraftApp.swift */,
				676846682B3F46EA00339228 /* Assets.xcassets */,
				6768466A2B3F46EA00339228 /* Preview Content */,
			);
			path = GoalCraft;
			sourceTree = "<group>";
		};
		6768466A2B3F46EA00339228 /* Preview Content */ = {
			isa = PBXGroup;
			children = (
				6768466B2B3F46EA00339228 /* Preview Assets.xcassets */,
			);
			path = "Preview Content";
			sourceTree = "<group>";
		};
		676846722B3F492E00339228 /* Models */ = {
			isa = PBXGroup;
			children = (
				676846752B3F4A6B00339228 /* Profile.swift */,
				676846772B3F4B8500339228 /* Training.swift */,
				676846792B3F4D4B00339228 /* Exercise.swift */,
				676167C12B45E96300317A1B /* Record.swift */,
			);
			path = Models;
			sourceTree = "<group>";
		};
		676846732B3F493A00339228 /* Views */ = {
			isa = PBXGroup;
			children = (
				676846812B40486300339228 /* MainView.swift */,
				676846832B4048B000339228 /* TrainingView.swift */,
				676846852B4048D900339228 /* NewTrainingView.swift */,
				676846872B40493900339228 /* TrainingListView.swift */,
				676846892B40495400339228 /* TrainingRowView.swift */,
				677237382B40839100C92BB5 /* SettingsView.swift */,
				676167BF2B45E8AB00317A1B /* RecordsView.swift */,
			);
			path = Views;
			sourceTree = "<group>";
		};
		676846742B3F494600339228 /* Controllers */ = {
			isa = PBXGroup;
			children = (
			);
			path = Controllers;
			sourceTree = "<group>";
		};
		676846802B4047ED00339228 /* ViewModels */ = {
			isa = PBXGroup;
			children = (
				6772372A2B404B0100C92BB5 /* MainViewViewModel.swift */,
				6772372C2B404B1200C92BB5 /* TrainingViewViewModel.swift */,
				6772372E2B404C0800C92BB5 /* NewTrainingViewViewModel.swift */,
				677237302B404C1600C92BB5 /* TrainingListViewViewModel.swift */,
				677237322B404C2700C92BB5 /* TrainingRowViewViewModel.swift */,
				6772373A2B40855300C92BB5 /* SettingsViewViewModel.swift */,
			);
			path = ViewModels;
			sourceTree = "<group>";
		};
/* End PBXGroup section */

/* Begin PBXNativeTarget section */
		676846602B3F46E700339228 /* GoalCraft */ = {
			isa = PBXNativeTarget;
			buildConfigurationList = 6768466F2B3F46EA00339228 /* Build configuration list for PBXNativeTarget "GoalCraft" */;
			buildPhases = (
				6768465D2B3F46E700339228 /* Sources */,
				6768465E2B3F46E700339228 /* Frameworks */,
				6768465F2B3F46E700339228 /* Resources */,
			);
			buildRules = (
			);
			dependencies = (
			);
			name = GoalCraft;
			productName = GoalCraft;
			productReference = 676846612B3F46E700339228 /* GoalCraft.app */;
			productType = "com.apple.product-type.application";
		};
/* End PBXNativeTarget section */

/* Begin PBXProject section */
		676846592B3F46E700339228 /* Project object */ = {
			isa = PBXProject;
			attributes = {
				BuildIndependentTargetsInParallel = 1;
				LastSwiftUpdateCheck = 1420;
				LastUpgradeCheck = 1420;
				TargetAttributes = {
					676846602B3F46E700339228 = {
						CreatedOnToolsVersion = 14.2;
					};
				};
			};
			buildConfigurationList = 6768465C2B3F46E700339228 /* Build configuration list for PBXProject "GoalCraft" */;
			compatibilityVersion = "Xcode 14.0";
			developmentRegion = en;
			hasScannedForEncodings = 0;
			knownRegions = (
				en,
				Base,
			);
			mainGroup = 676846582B3F46E700339228;
			productRefGroup = 676846622B3F46E700339228 /* Products */;
			projectDirPath = "";
			projectRoot = "";
			targets = (
				676846602B3F46E700339228 /* GoalCraft */,
			);
		};
/* End PBXProject section */

/* Begin PBXResourcesBuildPhase section */
		6768465F2B3F46E700339228 /* Resources */ = {
			isa = PBXResourcesBuildPhase;
			buildActionMask = 2147483647;
			files = (
				6768466C2B3F46EA00339228 /* Preview Assets.xcassets in Resources */,
				676846692B3F46EA00339228 /* Assets.xcassets in Resources */,
			);
			runOnlyForDeploymentPostprocessing = 0;
		};
/* End PBXResourcesBuildPhase section */

/* Begin PBXSourcesBuildPhase section */
		6768465D2B3F46E700339228 /* Sources */ = {
			isa = PBXSourcesBuildPhase;
			buildActionMask = 2147483647;
			files = (
				677237392B40839100C92BB5 /* SettingsView.swift in Sources */,
				676846822B40486300339228 /* MainView.swift in Sources */,
				676167C22B45E96300317A1B /* Record.swift in Sources */,
				6768467A2B3F4D4B00339228 /* Exercise.swift in Sources */,
				677237332B404C2700C92BB5 /* TrainingRowViewViewModel.swift in Sources */,
				676846782B3F4B8500339228 /* Training.swift in Sources */,
				676846762B3F4A6B00339228 /* Profile.swift in Sources */,
				676846882B40493900339228 /* TrainingListView.swift in Sources */,
				677237312B404C1600C92BB5 /* TrainingListViewViewModel.swift in Sources */,
				676846862B4048D900339228 /* NewTrainingView.swift in Sources */,
				6772372F2B404C0800C92BB5 /* NewTrainingViewViewModel.swift in Sources */,
				6768468A2B40495400339228 /* TrainingRowView.swift in Sources */,
				676846842B4048B000339228 /* TrainingView.swift in Sources */,
				6772372B2B404B0100C92BB5 /* MainViewViewModel.swift in Sources */,
				6772372D2B404B1200C92BB5 /* TrainingViewViewModel.swift in Sources */,
				6772373B2B40855300C92BB5 /* SettingsViewViewModel.swift in Sources */,
				676167C02B45E8AB00317A1B /* RecordsView.swift in Sources */,
				676846652B3F46E700339228 /* GoalCraftApp.swift in Sources */,
			);
			runOnlyForDeploymentPostprocessing = 0;
		};
/* End PBXSourcesBuildPhase section */

/* Begin XCBuildConfiguration section */
		6768466D2B3F46EA00339228 /* Debug */ = {
			isa = XCBuildConfiguration;
			buildSettings = {
				ALWAYS_SEARCH_USER_PATHS = NO;
				CLANG_ANALYZER_NONNULL = YES;
				CLANG_ANALYZER_NUMBER_OBJECT_CONVERSION = YES_AGGRESSIVE;
				CLANG_CXX_LANGUAGE_STANDARD = "gnu++20";
				CLANG_ENABLE_MODULES = YES;
				CLANG_ENABLE_OBJC_ARC = YES;
				CLANG_ENABLE_OBJC_WEAK = YES;
				CLANG_WARN_BLOCK_CAPTURE_AUTORELEASING = YES;
				CLANG_WARN_BOOL_CONVERSION = YES;
				CLANG_WARN_COMMA = YES;
				CLANG_WARN_CONSTANT_CONVERSION = YES;
				CLANG_WARN_DEPRECATED_OBJC_IMPLEMENTATIONS = YES;
				CLANG_WARN_DIRECT_OBJC_ISA_USAGE = YES_ERROR;
				CLANG_WARN_DOCUMENTATION_COMMENTS = YES;
				CLANG_WARN_EMPTY_BODY = YES;
				CLANG_WARN_ENUM_CONVERSION = YES;
				CLANG_WARN_INFINITE_RECURSION = YES;
				CLANG_WARN_INT_CONVERSION = YES;
				CLANG_WARN_NON_LITERAL_NULL_CONVERSION = YES;
				CLANG_WARN_OBJC_IMPLICIT_RETAIN_SELF = YES;
				CLANG_WARN_OBJC_LITERAL_CONVERSION = YES;
				CLANG_WARN_OBJC_ROOT_CLASS = YES_ERROR;
				CLANG_WARN_QUOTED_INCLUDE_IN_FRAMEWORK_HEADER = YES;
				CLANG_WARN_RANGE_LOOP_ANALYSIS = YES;
				CLANG_WARN_STRICT_PROTOTYPES = YES;
				CLANG_WARN_SUSPICIOUS_MOVE = YES;
				CLANG_WARN_UNGUARDED_AVAILABILITY = YES_AGGRESSIVE;
				CLANG_WARN_UNREACHABLE_CODE = YES;
				CLANG_WARN__DUPLICATE_METHOD_MATCH = YES;
				COPY_PHASE_STRIP = NO;
				DEBUG_INFORMATION_FORMAT = dwarf;
				ENABLE_STRICT_OBJC_MSGSEND = YES;
				ENABLE_TESTABILITY = YES;
				GCC_C_LANGUAGE_STANDARD = gnu11;
				GCC_DYNAMIC_NO_PIC = NO;
				GCC_NO_COMMON_BLOCKS = YES;
				GCC_OPTIMIZATION_LEVEL = 0;
				GCC_PREPROCESSOR_DEFINITIONS = (
					"DEBUG=1",
					"$(inherited)",
				);
				GCC_WARN_64_TO_32_BIT_CONVERSION = YES;
				GCC_WARN_ABOUT_RETURN_TYPE = YES_ERROR;
				GCC_WARN_UNDECLARED_SELECTOR = YES;
				GCC_WARN_UNINITIALIZED_AUTOS = YES_AGGRESSIVE;
				GCC_WARN_UNUSED_FUNCTION = YES;
				GCC_WARN_UNUSED_VARIABLE = YES;
				IPHONEOS_DEPLOYMENT_TARGET = 16.2;
				MTL_ENABLE_DEBUG_INFO = INCLUDE_SOURCE;
				MTL_FAST_MATH = YES;
				ONLY_ACTIVE_ARCH = YES;
				SDKROOT = iphoneos;
				SWIFT_ACTIVE_COMPILATION_CONDITIONS = DEBUG;
				SWIFT_OPTIMIZATION_LEVEL = "-Onone";
			};
			name = Debug;
		};
		6768466E2B3F46EA00339228 /* Release */ = {
			isa = XCBuildConfiguration;
			buildSettings = {
				ALWAYS_SEARCH_USER_PATHS = NO;
				CLANG_ANALYZER_NONNULL = YES;
				CLANG_ANALYZER_NUMBER_OBJECT_CONVERSION = YES_AGGRESSIVE;
				CLANG_CXX_LANGUAGE_STANDARD = "gnu++20";
				CLANG_ENABLE_MODULES = YES;
				CLANG_ENABLE_OBJC_ARC = YES;
				CLANG_ENABLE_OBJC_WEAK = YES;
				CLANG_WARN_BLOCK_CAPTURE_AUTORELEASING = YES;
				CLANG_WARN_BOOL_CONVERSION = YES;
				CLANG_WARN_COMMA = YES;
				CLANG_WARN_CONSTANT_CONVERSION = YES;
				CLANG_WARN_DEPRECATED_OBJC_IMPLEMENTATIONS = YES;
				CLANG_WARN_DIRECT_OBJC_ISA_USAGE = YES_ERROR;
				CLANG_WARN_DOCUMENTATION_COMMENTS = YES;
				CLANG_WARN_EMPTY_BODY = YES;
				CLANG_WARN_ENUM_CONVERSION = YES;
				CLANG_WARN_INFINITE_RECURSION = YES;
				CLANG_WARN_INT_CONVERSION = YES;
				CLANG_WARN_NON_LITERAL_NULL_CONVERSION = YES;
				CLANG_WARN_OBJC_IMPLICIT_RETAIN_SELF = YES;
				CLANG_WARN_OBJC_LITERAL_CONVERSION = YES;
				CLANG_WARN_OBJC_ROOT_CLASS = YES_ERROR;
				CLANG_WARN_QUOTED_INCLUDE_IN_FRAMEWORK_HEADER = YES;
				CLANG_WARN_RANGE_LOOP_ANALYSIS = YES;
				CLANG_WARN_STRICT_PROTOTYPES = YES;
				CLANG_WARN_SUSPICIOUS_MOVE = YES;
				CLANG_WARN_UNGUARDED_AVAILABILITY = YES_AGGRESSIVE;
				CLANG_WARN_UNREACHABLE_CODE = YES;
				CLANG_WARN__DUPLICATE_METHOD_MATCH = YES;
				COPY_PHASE_STRIP = NO;
				DEBUG_INFORMATION_FORMAT = "dwarf-with-dsym";
				ENABLE_NS_ASSERTIONS = NO;
				ENABLE_STRICT_OBJC_MSGSEND = YES;
				GCC_C_LANGUAGE_STANDARD = gnu11;
				GCC_NO_COMMON_BLOCKS = YES;
				GCC_WARN_64_TO_32_BIT_CONVERSION = YES;
				GCC_WARN_ABOUT_RETURN_TYPE = YES_ERROR;
				GCC_WARN_UNDECLARED_SELECTOR = YES;
				GCC_WARN_UNINITIALIZED_AUTOS = YES_AGGRESSIVE;
				GCC_WARN_UNUSED_FUNCTION = YES;
				GCC_WARN_UNUSED_VARIABLE = YES;
				IPHONEOS_DEPLOYMENT_TARGET = 16.2;
				MTL_ENABLE_DEBUG_INFO = NO;
				MTL_FAST_MATH = YES;
				SDKROOT = iphoneos;
				SWIFT_COMPILATION_MODE = wholemodule;
				SWIFT_OPTIMIZATION_LEVEL = "-O";
				VALIDATE_PRODUCT = YES;
			};
			name = Release;
		};
		676846702B3F46EA00339228 /* Debug */ = {
			isa = XCBuildConfiguration;
			buildSettings = {
				ASSETCATALOG_COMPILER_APPICON_NAME = AppIcon;
				ASSETCATALOG_COMPILER_GLOBAL_ACCENT_COLOR_NAME = AccentColor;
				CODE_SIGN_STYLE = Automatic;
				CURRENT_PROJECT_VERSION = 1;
				DEVELOPMENT_ASSET_PATHS = "\"GoalCraft/Preview Content\"";
				ENABLE_PREVIEWS = YES;
				GENERATE_INFOPLIST_FILE = YES;
				INFOPLIST_KEY_CFBundleDisplayName = "Goal Craft";
				INFOPLIST_KEY_UIApplicationSceneManifest_Generation = YES;
				INFOPLIST_KEY_UIApplicationSupportsIndirectInputEvents = YES;
				INFOPLIST_KEY_UILaunchScreen_Generation = YES;
				INFOPLIST_KEY_UISupportedInterfaceOrientations = UIInterfaceOrientationPortrait;
				LD_RUNPATH_SEARCH_PATHS = (
					"$(inherited)",
					"@executable_path/Frameworks",
				);
				MARKETING_VERSION = 1.0;
				PRODUCT_BUNDLE_IDENTIFIER = org.gc.GoalCraft;
				PRODUCT_NAME = "$(TARGET_NAME)";
				SWIFT_EMIT_LOC_STRINGS = YES;
				SWIFT_VERSION = 5.0;
				TARGETED_DEVICE_FAMILY = "1,2";
			};
			name = Debug;
		};
		676846712B3F46EA00339228 /* Release */ = {
			isa = XCBuildConfiguration;
			buildSettings = {
				ASSETCATALOG_COMPILER_APPICON_NAME = AppIcon;
				ASSETCATALOG_COMPILER_GLOBAL_ACCENT_COLOR_NAME = AccentColor;
				CODE_SIGN_STYLE = Automatic;
				CURRENT_PROJECT_VERSION = 1;
				DEVELOPMENT_ASSET_PATHS = "\"GoalCraft/Preview Content\"";
				ENABLE_PREVIEWS = YES;
				GENERATE_INFOPLIST_FILE = YES;
				INFOPLIST_KEY_CFBundleDisplayName = "Goal Craft";
				INFOPLIST_KEY_UIApplicationSceneManifest_Generation = YES;
				INFOPLIST_KEY_UIApplicationSupportsIndirectInputEvents = YES;
				INFOPLIST_KEY_UILaunchScreen_Generation = YES;
				INFOPLIST_KEY_UISupportedInterfaceOrientations = UIInterfaceOrientationPortrait;
				LD_RUNPATH_SEARCH_PATHS = (
					"$(inherited)",
					"@executable_path/Frameworks",
				);
				MARKETING_VERSION = 1.0;
				PRODUCT_BUNDLE_IDENTIFIER = org.gc.GoalCraft;
				PRODUCT_NAME = "$(TARGET_NAME)";
				SWIFT_EMIT_LOC_STRINGS = YES;
				SWIFT_VERSION = 5.0;
				TARGETED_DEVICE_FAMILY = "1,2";
			};
			name = Release;
		};
/* End XCBuildConfiguration section */

/* Begin XCConfigurationList section */
		6768465C2B3F46E700339228 /* Build configuration list for PBXProject "GoalCraft" */ = {
			isa = XCConfigurationList;
			buildConfigurations = (
				6768466D2B3F46EA00339228 /* Debug */,
				6768466E2B3F46EA00339228 /* Release */,
			);
			defaultConfigurationIsVisible = 0;
			defaultConfigurationName = Release;
		};
		6768466F2B3F46EA00339228 /* Build configuration list for PBXNativeTarget "GoalCraft" */ = {
			isa = XCConfigurationList;
			buildConfigurations = (
				676846702B3F46EA00339228 /* Debug */,
				676846712B3F46EA00339228 /* Release */,
			);
			defaultConfigurationIsVisible = 0;
			defaultConfigurationName = Release;
		};
/* End XCConfigurationList section */
	};
	rootObject = 676846592B3F46E700339228 /* Project object */;
}
